{
  "name": "midy",
  "version": "1.0.0",
  "lockfileVersion": 1,
  "requires": true,
  "dependencies": {
    "@tonejs/midi": {
      "version": "1.2.3",
      "resolved": "https://registry.npmjs.org/@tonejs/midi/-/midi-1.2.3.tgz",
      "integrity": "sha512-pTefiZ9ItoJ9ua0zYT9vZRHASgcSoIUg9EBDqUAvCS05FiarAbKSYdOmoJNZKESWCofnzOgQC2MatDU+WRXPbw==",
      "requires": {
        "midi-file": "^1.1.1"
      }
    },
    "midi-file": {
      "version": "1.1.1",
      "resolved": "https://registry.npmjs.org/midi-file/-/midi-file-1.1.1.tgz",
      "integrity": "sha512-HI6Y/kc9g1Af0OqMkTzI2AeGgPJMONgQcd/13gBf8C9BcUh7wa/AnXR1Fgl8SIuO7GJmFhSIACEWcwiAz2E2Pg=="
    },
    "tone": {
      "version": "13.4.9",
      "resolved": "https://registry.npmjs.org/tone/-/tone-13.4.9.tgz",
      "integrity": "sha512-jU3MJOzt9wcGbo57TIzgAQe13EgwvdC7N6N/cA6ZkGYHH8gop+L6a87NRP3LIBCcJxVps6I6i/39ZUJI2aCWUA=="
    }
  }
}
